
Microsoft Visual Studio Solution File, Format Version 12.00
# Visual Studio Version 17
VisualStudioVersion = 17.14.36212.18 d17.14
MinimumVisualStudioVersion = 10.0.40219.1
Project("{FAE04EC0-301F-11D3-BF4B-00C04F79EFBC}") = "HybridCacheDemo.Api", "HybridCacheDemo.Api\HybridCacheDemo.Api.csproj", "{EC8A554B-097A-9935-9716-DDD4E3526592}"
EndProject
Global
	GlobalSection(SolutionConfigurationPlatforms) = preSolution
		Debug|Any CPU = Debug|Any CPU
		Release|Any CPU = Release|Any CPU
	EndGlobalSection
	GlobalSection(ProjectConfigurationPlatforms) = postSolution
		{EC8A554B-097A-9935-9716-DDD4E3526592}.Debug|Any CPU.ActiveCfg = Debug|Any CPU
		{EC8A554B-097A-9935-9716-DDD4E3526592}.Debug|Any CPU.Build.0 = Debug|Any CPU
		{EC8A554B-097A-9935-9716-DDD4E3526592}.Release|Any CPU.ActiveCfg = Release|Any CPU
		{EC8A554B-097A-9935-9716-DDD4E3526592}.Release|Any CPU.Build.0 = Release|Any CPU
	EndGlobalSection
	GlobalSection(SolutionProperties) = preSolution
		HideSolutionNode = FALSE
	EndGlobalSection
	GlobalSection(ExtensibilityGlobals) = postSolution
		SolutionGuid = {951611F5-799D-4561-9619-4D9055058D11}
	EndGlobalSection
EndGlobal
